// !$*UTF8*$!
{
	archiveVersion = 1;
	classes = {
	};
	objectVersion = 50;
	objects = {

/* Begin PBXBuildFile section */
		FBAB40A926099435007692DF /* AppDelegate.swift in Sources */ = {isa = PBXBuildFile; fileRef = FBAB40A826099435007692DF /* AppDelegate.swift */; };
		FBAB40AB26099435007692DF /* SceneDelegate.swift in Sources */ = {isa = PBXBuildFile; fileRef = FBAB40AA26099435007692DF /* SceneDelegate.swift */; };
		FBAB40AD26099435007692DF /* ViewController.swift in Sources */ = {isa = PBXBuildFile; fileRef = FBAB40AC26099435007692DF /* ViewController.swift */; };
		FBAB40B026099435007692DF /* Main.storyboard in Resources */ = {isa = PBXBuildFile; fileRef = FBAB40AE26099435007692DF /* Main.storyboard */; };
		FBAB40B226099437007692DF /* Assets.xcassets in Resources */ = {isa = PBXBuildFile; fileRef = FBAB40B126099437007692DF /* Assets.xcassets */; };
		FBAB40B526099437007692DF /* LaunchScreen.storyboard in Resources */ = {isa = PBXBuildFile; fileRef = FBAB40B326099437007692DF /* LaunchScreen.storyboard */; };
		FBAB40BF260C1E46007692DF /* Weather.swift in Sources */ = {isa = PBXBuildFile; fileRef = FBAB40BE260C1E46007692DF /* Weather.swift */; };
		FBAB40C4260C20BF007692DF /* NetworkServices.swift in Sources */ = {isa = PBXBuildFile; fileRef = FBAB40C3260C20BF007692DF /* NetworkServices.swift */; };
		FBAB40C7260D6A5E007692DF /* API_KEY.swift in Sources */ = {isa = PBXBuildFile; fileRef = FBAB40C6260D6A5E007692DF /* API_KEY.swift */; };
/* End PBXBuildFile section */

/* Begin PBXFileReference section */
		FBAB40A526099435007692DF /* Weather.app */ = {isa = PBXFileReference; explicitFileType = wrapper.application; includeInIndex = 0; path = Weather.app; sourceTree = BUILT_PRODUCTS_DIR; };
		FBAB40A826099435007692DF /* AppDelegate.swift */ = {isa = PBXFileReference; lastKnownFileType = sourcecode.swift; path = AppDelegate.swift; sourceTree = "<group>"; };
		FBAB40AA26099435007692DF /* SceneDelegate.swift */ = {isa = PBXFileReference; lastKnownFileType = sourcecode.swift; path = SceneDelegate.swift; sourceTree = "<group>"; };
		FBAB40AC26099435007692DF /* ViewController.swift */ = {isa = PBXFileReference; lastKnownFileType = sourcecode.swift; path = ViewController.swift; sourceTree = "<group>"; };
		FBAB40AF26099435007692DF /* Base */ = {isa = PBXFileReference; lastKnownFileType = file.storyboard; name = Base; path = Base.lproj/Main.storyboard; sourceTree = "<group>"; };
		FBAB40B126099437007692DF /* Assets.xcassets */ = {isa = PBXFileReference; lastKnownFileType = folder.assetcatalog; path = Assets.xcassets; sourceTree = "<group>"; };
		FBAB40B426099437007692DF /* Base */ = {isa = PBXFileReference; lastKnownFileType = file.storyboard; name = Base; path = Base.lproj/LaunchScreen.storyboard; sourceTree = "<group>"; };
		FBAB40B626099437007692DF /* Info.plist */ = {isa = PBXFileReference; lastKnownFileType = text.plist.xml; path = Info.plist; sourceTree = "<group>"; };
		FBAB40BE260C1E46007692DF /* Weather.swift */ = {isa = PBXFileReference; lastKnownFileType = sourcecode.swift; path = Weather.swift; sourceTree = "<group>"; };
		FBAB40C3260C20BF007692DF /* NetworkServices.swift */ = {isa = PBXFileReference; lastKnownFileType = sourcecode.swift; path = NetworkServices.swift; sourceTree = "<group>"; };
		FBAB40C6260D6A5E007692DF /* API_KEY.swift */ = {isa = PBXFileReference; lastKnownFileType = sourcecode.swift; path = API_KEY.swift; sourceTree = "<group>"; };
/* End PBXFileReference section */

/* Begin PBXFrameworksBuildPhase section */
		FBAB40A226099435007692DF /* Frameworks */ = {
			isa = PBXFrameworksBuildPhase;
			buildActionMask = 2147483647;
			files = (
			);
			runOnlyForDeploymentPostprocessing = 0;
		};
/* End PBXFrameworksBuildPhase section */

/* Begin PBXGroup section */
		FBAB409C26099435007692DF = {
			isa = PBXGroup;
			children = (
				FBAB40A726099435007692DF /* Weather */,
				FBAB40A626099435007692DF /* Products */,
			);
			sourceTree = "<group>";
		};
		FBAB40A626099435007692DF /* Products */ = {
			isa = PBXGroup;
			children = (
				FBAB40A526099435007692DF /* Weather.app */,
			);
			name = Products;
			sourceTree = "<group>";
		};
		FBAB40A726099435007692DF /* Weather */ = {
			isa = PBXGroup;
			children = (
				FBAB40BD260C1E31007692DF /* Model */,
				FBAB40CA260D7F4B007692DF /* View */,
				FBAB40CB260D7F5E007692DF /* Controller */,
				FBAB40C2260C20A6007692DF /* Services */,
				FBAB40A826099435007692DF /* AppDelegate.swift */,
				FBAB40AA26099435007692DF /* SceneDelegate.swift */,
				FBAB40AE26099435007692DF /* Main.storyboard */,
				FBAB40B126099437007692DF /* Assets.xcassets */,
				FBAB40B326099437007692DF /* LaunchScreen.storyboard */,
				FBAB40B626099437007692DF /* Info.plist */,
			);
			path = Weather;
			sourceTree = "<group>";
		};
		FBAB40BD260C1E31007692DF /* Model */ = {
			isa = PBXGroup;
			children = (
				FBAB40BE260C1E46007692DF /* Weather.swift */,
			);
			path = Model;
			sourceTree = "<group>";
		};
		FBAB40C2260C20A6007692DF /* Services */ = {
			isa = PBXGroup;
			children = (
				FBAB40C3260C20BF007692DF /* NetworkServices.swift */,
				FBAB40C6260D6A5E007692DF /* API_KEY.swift */,
			);
			path = Services;
			sourceTree = "<group>";
		};
		FBAB40CA260D7F4B007692DF /* View */ = {
			isa = PBXGroup;
			children = (
			);
			path = View;
			sourceTree = "<group>";
		};
		FBAB40CB260D7F5E007692DF /* Controller */ = {
			isa = PBXGroup;
			children = (
				FBAB40AC26099435007692DF /* ViewController.swift */,
			);
			path = Controller;
			sourceTree = "<group>";
		};
/* End PBXGroup section */

/* Begin PBXNativeTarget section */
		FBAB40A426099435007692DF /* Weather */ = {
			isa = PBXNativeTarget;
			buildConfigurationList = FBAB40B926099437007692DF /* Build configuration list for PBXNativeTarget "Weather" */;
			buildPhases = (
				FBAB40A126099435007692DF /* Sources */,
				FBAB40A226099435007692DF /* Frameworks */,
				FBAB40A326099435007692DF /* Resources */,
			);
			buildRules = (
			);
			dependencies = (
			);
			name = Weather;
			productName = Weather;
			productReference = FBAB40A526099435007692DF /* Weather.app */;
			productType = "com.apple.product-type.application";
		};
/* End PBXNativeTarget section */

/* Begin PBXProject section */
		FBAB409D26099435007692DF /* Project object */ = {
			isa = PBXProject;
			attributes = {
				LastSwiftUpdateCheck = 1240;
				LastUpgradeCheck = 1240;
				TargetAttributes = {
					FBAB40A426099435007692DF = {
						CreatedOnToolsVersion = 12.4;
					};
				};
			};
			buildConfigurationList = FBAB40A026099435007692DF /* Build configuration list for PBXProject "Weather" */;
			compatibilityVersion = "Xcode 9.3";
			developmentRegion = en;
			hasScannedForEncodings = 0;
			knownRegions = (
				en,
				Base,
			);
			mainGroup = FBAB409C26099435007692DF;
			productRefGroup = FBAB40A626099435007692DF /* Products */;
			projectDirPath = "";
			projectRoot = "";
			targets = (
				FBAB40A426099435007692DF /* Weather */,
			);
		};
/* End PBXProject section */

/* Begin PBXResourcesBuildPhase section */
		FBAB40A326099435007692DF /* Resources */ = {
			isa = PBXResourcesBuildPhase;
			buildActionMask = 2147483647;
			files = (
				FBAB40B526099437007692DF /* LaunchScreen.storyboard in Resources */,
				FBAB40B226099437007692DF /* Assets.xcassets in Resources */,
				FBAB40B026099435007692DF /* Main.storyboard in Resources */,
			);
			runOnlyForDeploymentPostprocessing = 0;
		};
/* End PBXResourcesBuildPhase section */

/* Begin PBXSourcesBuildPhase section */
		FBAB40A126099435007692DF /* Sources */ = {
			isa = PBXSourcesBuildPhase;
			buildActionMask = 2147483647;
			files = (
				FBAB40C7260D6A5E007692DF /* API_KEY.swift in Sources */,
				FBAB40C4260C20BF007692DF /* NetworkServices.swift in Sources */,
				FBAB40BF260C1E46007692DF /* Weather.swift in Sources */,
				FBAB40AD26099435007692DF /* ViewController.swift in Sources */,
				FBAB40A926099435007692DF /* AppDelegate.swift in Sources */,
				FBAB40AB26099435007692DF /* SceneDelegate.swift in Sources */,
			);
			runOnlyForDeploymentPostprocessing = 0;
		};
/* End PBXSourcesBuildPhase section */

/* Begin PBXVariantGroup section */
		FBAB40AE26099435007692DF /* Main.storyboard */ = {
			isa = PBXVariantGroup;
			children = (
				FBAB40AF26099435007692DF /* Base */,
			);
			name = Main.storyboard;
			sourceTree = "<group>";
		};
		FBAB40B326099437007692DF /* LaunchScreen.storyboard */ = {
			isa = PBXVariantGroup;
			children = (
				FBAB40B426099437007692DF /* Base */,
			);
			name = LaunchScreen.storyboard;
			sourceTree = "<group>";
		};
/* End PBXVariantGroup section */

/* Begin XCBuildConfiguration section */
		FBAB40B726099437007692DF /* Debug */ = {
			isa = XCBuildConfiguration;
			buildSettings = {
				ALWAYS_SEARCH_USER_PATHS = NO;
				CLANG_ANALYZER_NONNULL = YES;
				CLANG_ANALYZER_NUMBER_OBJECT_CONVERSION = YES_AGGRESSIVE;
				CLANG_CXX_LANGUAGE_STANDARD = "gnu++14";
				CLANG_CXX_LIBRARY = "libc++";
				CLANG_ENABLE_MODULES = YES;
				CLANG_ENABLE_OBJC_ARC = YES;
				CLANG_ENABLE_OBJC_WEAK = YES;
				CLANG_WARN_BLOCK_CAPTURE_AUTORELEASING = YES;
				CLANG_WARN_BOOL_CONVERSION = YES;
				CLANG_WARN_COMMA = YES;
				CLANG_WARN_CONSTANT_CONVERSION = YES;
				CLANG_WARN_DEPRECATED_OBJC_IMPLEMENTATIONS = YES;
				CLANG_WARN_DIRECT_OBJC_ISA_USAGE = YES_ERROR;
				CLANG_WARN_DOCUMENTATION_COMMENTS = YES;
				CLANG_WARN_EMPTY_BODY = YES;
				CLANG_WARN_ENUM_CONVERSION = YES;
				CLANG_WARN_INFINITE_RECURSION = YES;
				CLANG_WARN_INT_CONVERSION = YES;
				CLANG_WARN_NON_LITERAL_NULL_CONVERSION = YES;
				CLANG_WARN_OBJC_IMPLICIT_RETAIN_SELF = YES;
				CLANG_WARN_OBJC_LITERAL_CONVERSION = YES;
				CLANG_WARN_OBJC_ROOT_CLASS = YES_ERROR;
				CLANG_WARN_QUOTED_INCLUDE_IN_FRAMEWORK_HEADER = YES;
				CLANG_WARN_RANGE_LOOP_ANALYSIS = YES;
				CLANG_WARN_STRICT_PROTOTYPES = YES;
				CLANG_WARN_SUSPICIOUS_MOVE = YES;
				CLANG_WARN_UNGUARDED_AVAILABILITY = YES_AGGRESSIVE;
				CLANG_WARN_UNREACHABLE_CODE = YES;
				CLANG_WARN__DUPLICATE_METHOD_MATCH = YES;
				COPY_PHASE_STRIP = NO;
				DEBUG_INFORMATION_FORMAT = dwarf;
				ENABLE_STRICT_OBJC_MSGSEND = YES;
				ENABLE_TESTABILITY = YES;
				GCC_C_LANGUAGE_STANDARD = gnu11;
				GCC_DYNAMIC_NO_PIC = NO;
				GCC_NO_COMMON_BLOCKS = YES;
				GCC_OPTIMIZATION_LEVEL = 0;
				GCC_PREPROCESSOR_DEFINITIONS = (
					"DEBUG=1",
					"$(inherited)",
				);
				GCC_WARN_64_TO_32_BIT_CONVERSION = YES;
				GCC_WARN_ABOUT_RETURN_TYPE = YES_ERROR;
				GCC_WARN_UNDECLARED_SELECTOR = YES;
				GCC_WARN_UNINITIALIZED_AUTOS = YES_AGGRESSIVE;
				GCC_WARN_UNUSED_FUNCTION = YES;
				GCC_WARN_UNUSED_VARIABLE = YES;
				IPHONEOS_DEPLOYMENT_TARGET = 14.4;
				MTL_ENABLE_DEBUG_INFO = INCLUDE_SOURCE;
				MTL_FAST_MATH = YES;
				ONLY_ACTIVE_ARCH = YES;
				SDKROOT = iphoneos;
				SWIFT_ACTIVE_COMPILATION_CONDITIONS = DEBUG;
				SWIFT_OPTIMIZATION_LEVEL = "-Onone";
			};
			name = Debug;
		};
		FBAB40B826099437007692DF /* Release */ = {
			isa = XCBuildConfiguration;
			buildSettings = {
				ALWAYS_SEARCH_USER_PATHS = NO;
				CLANG_ANALYZER_NONNULL = YES;
				CLANG_ANALYZER_NUMBER_OBJECT_CONVERSION = YES_AGGRESSIVE;
				CLANG_CXX_LANGUAGE_STANDARD = "gnu++14";
				CLANG_CXX_LIBRARY = "libc++";
				CLANG_ENABLE_MODULES = YES;
				CLANG_ENABLE_OBJC_ARC = YES;
				CLANG_ENABLE_OBJC_WEAK = YES;
				CLANG_WARN_BLOCK_CAPTURE_AUTORELEASING = YES;
				CLANG_WARN_BOOL_CONVERSION = YES;
				CLANG_WARN_COMMA = YES;
				CLANG_WARN_CONSTANT_CONVERSION = YES;
				CLANG_WARN_DEPRECATED_OBJC_IMPLEMENTATIONS = YES;
				CLANG_WARN_DIRECT_OBJC_ISA_USAGE = YES_ERROR;
				CLANG_WARN_DOCUMENTATION_COMMENTS = YES;
				CLANG_WARN_EMPTY_BODY = YES;
				CLANG_WARN_ENUM_CONVERSION = YES;
				CLANG_WARN_INFINITE_RECURSION = YES;
				CLANG_WARN_INT_CONVERSION = YES;
				CLANG_WARN_NON_LITERAL_NULL_CONVERSION = YES;
				CLANG_WARN_OBJC_IMPLICIT_RETAIN_SELF = YES;
				CLANG_WARN_OBJC_LITERAL_CONVERSION = YES;
				CLANG_WARN_OBJC_ROOT_CLASS = YES_ERROR;
				CLANG_WARN_QUOTED_INCLUDE_IN_FRAMEWORK_HEADER = YES;
				CLANG_WARN_RANGE_LOOP_ANALYSIS = YES;
				CLANG_WARN_STRICT_PROTOTYPES = YES;
				CLANG_WARN_SUSPICIOUS_MOVE = YES;
				CLANG_WARN_UNGUARDED_AVAILABILITY = YES_AGGRESSIVE;
				CLANG_WARN_UNREACHABLE_CODE = YES;
				CLANG_WARN__DUPLICATE_METHOD_MATCH = YES;
				COPY_PHASE_STRIP = NO;
				DEBUG_INFORMATION_FORMAT = "dwarf-with-dsym";
				ENABLE_NS_ASSERTIONS = NO;
				ENABLE_STRICT_OBJC_MSGSEND = YES;
				GCC_C_LANGUAGE_STANDARD = gnu11;
				GCC_NO_COMMON_BLOCKS = YES;
				GCC_WARN_64_TO_32_BIT_CONVERSION = YES;
				GCC_WARN_ABOUT_RETURN_TYPE = YES_ERROR;
				GCC_WARN_UNDECLARED_SELECTOR = YES;
				GCC_WARN_UNINITIALIZED_AUTOS = YES_AGGRESSIVE;
				GCC_WARN_UNUSED_FUNCTION = YES;
				GCC_WARN_UNUSED_VARIABLE = YES;
				IPHONEOS_DEPLOYMENT_TARGET = 14.4;
				MTL_ENABLE_DEBUG_INFO = NO;
				MTL_FAST_MATH = YES;
				SDKROOT = iphoneos;
				SWIFT_COMPILATION_MODE = wholemodule;
				SWIFT_OPTIMIZATION_LEVEL = "-O";
				VALIDATE_PRODUCT = YES;
			};
			name = Release;
		};
		FBAB40BA26099437007692DF /* Debug */ = {
			isa = XCBuildConfiguration;
			buildSettings = {
				ASSETCATALOG_COMPILER_APPICON_NAME = AppIcon;
				ASSETCATALOG_COMPILER_GLOBAL_ACCENT_COLOR_NAME = AccentColor;
				CODE_SIGN_STYLE = Automatic;
				DEVELOPMENT_TEAM = MMSJ2DXRDG;
				INFOPLIST_FILE = Weather/Info.plist;
				LD_RUNPATH_SEARCH_PATHS = (
					"$(inherited)",
					"@executable_path/Frameworks",
				);
				PRODUCT_BUNDLE_IDENTIFIER = com.TheCoderPilot.Weather;
				PRODUCT_NAME = "$(TARGET_NAME)";
				SWIFT_VERSION = 5.0;
				TARGETED_DEVICE_FAMILY = "1,2";
			};
			name = Debug;
		};
		FBAB40BB26099437007692DF /* Release */ = {
			isa = XCBuildConfiguration;
			buildSettings = {
				ASSETCATALOG_COMPILER_APPICON_NAME = AppIcon;
				ASSETCATALOG_COMPILER_GLOBAL_ACCENT_COLOR_NAME = AccentColor;
				CODE_SIGN_STYLE = Automatic;
				DEVELOPMENT_TEAM = MMSJ2DXRDG;
				INFOPLIST_FILE = Weather/Info.plist;
				LD_RUNPATH_SEARCH_PATHS = (
					"$(inherited)",
					"@executable_path/Frameworks",
				);
				PRODUCT_BUNDLE_IDENTIFIER = com.TheCoderPilot.Weather;
				PRODUCT_NAME = "$(TARGET_NAME)";
				SWIFT_VERSION = 5.0;
				TARGETED_DEVICE_FAMILY = "1,2";
			};
			name = Release;
		};
/* End XCBuildConfiguration section */

/* Begin XCConfigurationList section */
		FBAB40A026099435007692DF /* Build configuration list for PBXProject "Weather" */ = {
			isa = XCConfigurationList;
			buildConfigurations = (
				FBAB40B726099437007692DF /* Debug */,
				FBAB40B826099437007692DF /* Release */,
			);
			defaultConfigurationIsVisible = 0;
			defaultConfigurationName = Release;
		};
		FBAB40B926099437007692DF /* Build configuration list for PBXNativeTarget "Weather" */ = {
			isa = XCConfigurationList;
			buildConfigurations = (
				FBAB40BA26099437007692DF /* Debug */,
				FBAB40BB26099437007692DF /* Release */,
			);
			defaultConfigurationIsVisible = 0;
			defaultConfigurationName = Release;
		};
/* End XCConfigurationList section */
	};
	rootObject = FBAB409D26099435007692DF /* Project object */;
}
